
Microsoft Visual Studio Solution File, Format Version 12.00
# Visual Studio Version 17
VisualStudioVersion = 17.9.34622.214
MinimumVisualStudioVersion = 10.0.40219.1
Project("{FAE04EC0-301F-11D3-BF4B-00C04F79EFBC}") = "JogodaAdivinhacao.ConsoleApp", "JogodaAdivinhacao.ConsoleApp.csproj", "{6DBF3DA7-5888-4A9F-BAC2-2A690F229FB4}"
EndProject
Global
	GlobalSection(SolutionConfigurationPlatforms) = preSolution
		Debug|Any CPU = Debug|Any CPU
		Release|Any CPU = Release|Any CPU
	EndGlobalSection
	GlobalSection(ProjectConfigurationPlatforms) = postSolution
		{6DBF3DA7-5888-4A9F-BAC2-2A690F229FB4}.Debug|Any CPU.ActiveCfg = Debug|Any CPU
		{6DBF3DA7-5888-4A9F-BAC2-2A690F229FB4}.Debug|Any CPU.Build.0 = Debug|Any CPU
		{6DBF3DA7-5888-4A9F-BAC2-2A690F229FB4}.Release|Any CPU.ActiveCfg = Release|Any CPU
		{6DBF3DA7-5888-4A9F-BAC2-2A690F229FB4}.Release|Any CPU.Build.0 = Release|Any CPU
	EndGlobalSection
	GlobalSection(SolutionProperties) = preSolution
		HideSolutionNode = FALSE
	EndGlobalSection
	GlobalSection(ExtensibilityGlobals) = postSolution
		SolutionGuid = {3CD67807-B365-4C73-AE1C-20B9A4D69F6D}
	EndGlobalSection
EndGlobal
